
Microsoft Visual Studio Solution File, Format Version 12.00
# Visual Studio Version 17
VisualStudioVersion = 17.5.33424.131
MinimumVisualStudioVersion = 10.0.40219.1
Project("{2150E333-8FDC-42A3-9474-1A3956D46DE8}") = "Internal", "Internal", "{1487E325-8F20-4F51-8707-1B4571A7306B}"
EndProject
Project("{2150E333-8FDC-42A3-9474-1A3956D46DE8}") = "Scripts", "Scripts", "{3E4A8683-7CFF-4807-A28D-DC20E0971F54}"
EndProject
Project("{2150E333-8FDC-42A3-9474-1A3956D46DE8}") = "Dlls", "Dlls", "{F32CDC5D-C4CA-46F8-983C-A783232D97A4}"
	ProjectSection(SolutionItems) = preProject
		Dlls\readme.txt = Dlls\readme.txt
	EndProjectSection
EndProject
Project("{2150E333-8FDC-42A3-9474-1A3956D46DE8}") = "Documentation", "Documentation", "{99712214-264B-4A55-9A46-C8373B65C862}"
	ProjectSection(SolutionItems) = preProject
		Documentation\readme.txt = Documentation\readme.txt
	EndProjectSection
EndProject
Project("{2150E333-8FDC-42A3-9474-1A3956D46DE8}") = "Code Analysis", "Code Analysis", "{AEA1F9C5-0AA5-4E8A-A956-C026788180F4}"
	ProjectSection(SolutionItems) = preProject
		Internal\Code Analysis\qaction-debug.ruleset = Internal\Code Analysis\qaction-debug.ruleset
		Internal\Code Analysis\qaction-release.ruleset = Internal\Code Analysis\qaction-release.ruleset
	EndProjectSection
EndProject
Project("{2150E333-8FDC-42A3-9474-1A3956D46DE8}") = "EmpowerDemo", "EmpowerDemo", "{B39A56A6-A891-42C6-97E2-D503C646044A}"
	ProjectSection(SolutionItems) = preProject
		EmpowerDemo.xml = EmpowerDemo.xml
	EndProjectSection
EndProject
Project("{2150E333-8FDC-42A3-9474-1A3956D46DE8}") = "Actions", "Actions", "{0A650F53-AD02-495E-90FC-C510570E1F7F}"
EndProject
Project("{FAE04EC0-301F-11D3-BF4B-00C04F79EFBC}") = "EmpowerDemo_1", "EmpowerDemo_1\EmpowerDemo_1.csproj", "{EE54CBE4-D79A-488D-8125-8EF91B7171E6}"
EndProject
Project("{2150E333-8FDC-42A3-9474-1A3956D46DE8}") = "EmpowerDemo2", "EmpowerDemo2", "{FC8541A1-6CC4-460A-A5FB-FCB4655547CC}"
	ProjectSection(SolutionItems) = preProject
		EmpowerDemo2.xml = EmpowerDemo2.xml
	EndProjectSection
EndProject
Project("{2150E333-8FDC-42A3-9474-1A3956D46DE8}") = "Actions", "Actions", "{1B8E55C8-C9F6-4BD8-B750-85A712DC8983}"
EndProject
Project("{FAE04EC0-301F-11D3-BF4B-00C04F79EFBC}") = "EmpowerDemo2_1", "EmpowerDemo2_1\EmpowerDemo2_1.csproj", "{32ECFFE3-F53C-4965-86CA-43AAFF899FE1}"
EndProject
Project("{2150E333-8FDC-42A3-9474-1A3956D46DE8}") = "EmpowerDemo3", "EmpowerDemo3", "{EFB2858B-2E61-403B-9651-E455826E8B4A}"
	ProjectSection(SolutionItems) = preProject
		EmpowerDemo3.xml = EmpowerDemo3.xml
	EndProjectSection
EndProject
Project("{2150E333-8FDC-42A3-9474-1A3956D46DE8}") = "Actions", "Actions", "{236D0D8C-4A8E-4CEA-B93D-9B7A85BE4CB8}"
EndProject
Project("{FAE04EC0-301F-11D3-BF4B-00C04F79EFBC}") = "EmpowerDemo3_1", "EmpowerDemo3_1\EmpowerDemo3_1.csproj", "{533063BE-8CCD-4C74-A200-7B13807CE42C}"
EndProject
Global
	GlobalSection(SolutionConfigurationPlatforms) = preSolution
		Debug|Any CPU = Debug|Any CPU
		Release|Any CPU = Release|Any CPU
	EndGlobalSection
	GlobalSection(ProjectConfigurationPlatforms) = postSolution
		{EE54CBE4-D79A-488D-8125-8EF91B7171E6}.Debug|Any CPU.ActiveCfg = Debug|Any CPU
		{EE54CBE4-D79A-488D-8125-8EF91B7171E6}.Debug|Any CPU.Build.0 = Debug|Any CPU
		{EE54CBE4-D79A-488D-8125-8EF91B7171E6}.Release|Any CPU.ActiveCfg = Release|Any CPU
		{EE54CBE4-D79A-488D-8125-8EF91B7171E6}.Release|Any CPU.Build.0 = Release|Any CPU
		{32ECFFE3-F53C-4965-86CA-43AAFF899FE1}.Debug|Any CPU.ActiveCfg = Debug|Any CPU
		{32ECFFE3-F53C-4965-86CA-43AAFF899FE1}.Debug|Any CPU.Build.0 = Debug|Any CPU
		{32ECFFE3-F53C-4965-86CA-43AAFF899FE1}.Release|Any CPU.ActiveCfg = Release|Any CPU
		{32ECFFE3-F53C-4965-86CA-43AAFF899FE1}.Release|Any CPU.Build.0 = Release|Any CPU
		{533063BE-8CCD-4C74-A200-7B13807CE42C}.Debug|Any CPU.ActiveCfg = Debug|Any CPU
		{533063BE-8CCD-4C74-A200-7B13807CE42C}.Debug|Any CPU.Build.0 = Debug|Any CPU
		{533063BE-8CCD-4C74-A200-7B13807CE42C}.Release|Any CPU.ActiveCfg = Release|Any CPU
		{533063BE-8CCD-4C74-A200-7B13807CE42C}.Release|Any CPU.Build.0 = Release|Any CPU
	EndGlobalSection
	GlobalSection(SolutionProperties) = preSolution
		HideSolutionNode = FALSE
	EndGlobalSection
	GlobalSection(NestedProjects) = preSolution
		{AEA1F9C5-0AA5-4E8A-A956-C026788180F4} = {1487E325-8F20-4F51-8707-1B4571A7306B}
		{B39A56A6-A891-42C6-97E2-D503C646044A} = {3E4A8683-7CFF-4807-A28D-DC20E0971F54}
		{0A650F53-AD02-495E-90FC-C510570E1F7F} = {B39A56A6-A891-42C6-97E2-D503C646044A}
		{EE54CBE4-D79A-488D-8125-8EF91B7171E6} = {0A650F53-AD02-495E-90FC-C510570E1F7F}
		{FC8541A1-6CC4-460A-A5FB-FCB4655547CC} = {3E4A8683-7CFF-4807-A28D-DC20E0971F54}
		{1B8E55C8-C9F6-4BD8-B750-85A712DC8983} = {FC8541A1-6CC4-460A-A5FB-FCB4655547CC}
		{32ECFFE3-F53C-4965-86CA-43AAFF899FE1} = {1B8E55C8-C9F6-4BD8-B750-85A712DC8983}
		{EFB2858B-2E61-403B-9651-E455826E8B4A} = {3E4A8683-7CFF-4807-A28D-DC20E0971F54}
		{236D0D8C-4A8E-4CEA-B93D-9B7A85BE4CB8} = {EFB2858B-2E61-403B-9651-E455826E8B4A}
		{533063BE-8CCD-4C74-A200-7B13807CE42C} = {236D0D8C-4A8E-4CEA-B93D-9B7A85BE4CB8}
	EndGlobalSection
	GlobalSection(ExtensibilityGlobals) = postSolution
		SolutionGuid = {04E11DF1-FEEA-452B-876C-700601A43455}
	EndGlobalSection
EndGlobal
